
Microsoft Visual Studio Solution File, Format Version 12.00
# Visual Studio Version 17
VisualStudioVersion = 17.6.33723.286
MinimumVisualStudioVersion = 10.0.40219.1
Project("{FAE04EC0-301F-11D3-BF4B-00C04F79EFBC}") = "Play.Inventory.Service", "Play.Inventory.Service.csproj", "{0CEBBF15-4238-4C01-A111-7424D44B9014}"
EndProject
Global
	GlobalSection(SolutionConfigurationPlatforms) = preSolution
		Debug|Any CPU = Debug|Any CPU
		Release|Any CPU = Release|Any CPU
	EndGlobalSection
	GlobalSection(ProjectConfigurationPlatforms) = postSolution
		{0CEBBF15-4238-4C01-A111-7424D44B9014}.Debug|Any CPU.ActiveCfg = Debug|Any CPU
		{0CEBBF15-4238-4C01-A111-7424D44B9014}.Debug|Any CPU.Build.0 = Debug|Any CPU
		{0CEBBF15-4238-4C01-A111-7424D44B9014}.Release|Any CPU.ActiveCfg = Release|Any CPU
		{0CEBBF15-4238-4C01-A111-7424D44B9014}.Release|Any CPU.Build.0 = Release|Any CPU
	EndGlobalSection
	GlobalSection(SolutionProperties) = preSolution
		HideSolutionNode = FALSE
	EndGlobalSection
	GlobalSection(ExtensibilityGlobals) = postSolution
		SolutionGuid = {388C9688-12FB-469B-BAFF-E71272914106}
	EndGlobalSection
EndGlobal
