
Microsoft Visual Studio Solution File, Format Version 12.00
# Visual Studio Version 17
VisualStudioVersion = 17.5.33516.290
MinimumVisualStudioVersion = 10.0.40219.1
Project("{9A19103F-16F7-4668-BE54-9A1E7A4F7556}") = "Play.Catalog.Service", "Play.Catalog.Service.csproj", "{E59F53C1-F25B-4F69-90E4-AADAABCC306B}"
EndProject
Project("{FAE04EC0-301F-11D3-BF4B-00C04F79EFBC}") = "Play.Catalog.Contracts", "..\Play.Catalog.Contracts\Play.Catalog.Contracts.csproj", "{56E2A5A8-6C39-4B77-891E-098903136CD0}"
EndProject
Global
	GlobalSection(SolutionConfigurationPlatforms) = preSolution
		Debug|Any CPU = Debug|Any CPU
		Release|Any CPU = Release|Any CPU
	EndGlobalSection
	GlobalSection(ProjectConfigurationPlatforms) = postSolution
		{E59F53C1-F25B-4F69-90E4-AADAABCC306B}.Debug|Any CPU.ActiveCfg = Debug|Any CPU
		{E59F53C1-F25B-4F69-90E4-AADAABCC306B}.Debug|Any CPU.Build.0 = Debug|Any CPU
		{E59F53C1-F25B-4F69-90E4-AADAABCC306B}.Release|Any CPU.ActiveCfg = Release|Any CPU
		{E59F53C1-F25B-4F69-90E4-AADAABCC306B}.Release|Any CPU.Build.0 = Release|Any CPU
		{56E2A5A8-6C39-4B77-891E-098903136CD0}.Debug|Any CPU.ActiveCfg = Debug|Any CPU
		{56E2A5A8-6C39-4B77-891E-098903136CD0}.Debug|Any CPU.Build.0 = Debug|Any CPU
		{56E2A5A8-6C39-4B77-891E-098903136CD0}.Release|Any CPU.ActiveCfg = Release|Any CPU
		{56E2A5A8-6C39-4B77-891E-098903136CD0}.Release|Any CPU.Build.0 = Release|Any CPU
	EndGlobalSection
	GlobalSection(SolutionProperties) = preSolution
		HideSolutionNode = FALSE
	EndGlobalSection
	GlobalSection(ExtensibilityGlobals) = postSolution
		SolutionGuid = {E3D2138C-DB98-40FB-8F5E-2C53F361AFD0}
	EndGlobalSection
EndGlobal
